
Microsoft Visual Studio Solution File, Format Version 12.00
# Visual Studio Version 16
VisualStudioVersion = 16.0.31729.503
MinimumVisualStudioVersion = 10.0.40219.1
Project("{888888A0-9F3D-457C-B088-3A5042F75D52}") = "EIMS_Opt", "EIMS_Opt\EIMS_Opt.pyproj", "{DAA956A7-4C57-4F97-A6FE-B5FB073EB11A}"
EndProject
Global
	GlobalSection(SolutionConfigurationPlatforms) = preSolution
		Debug|Any CPU = Debug|Any CPU
		Release|Any CPU = Release|Any CPU
	EndGlobalSection
	GlobalSection(ProjectConfigurationPlatforms) = postSolution
		{DAA956A7-4C57-4F97-A6FE-B5FB073EB11A}.Debug|Any CPU.ActiveCfg = Debug|Any CPU
		{DAA956A7-4C57-4F97-A6FE-B5FB073EB11A}.Release|Any CPU.ActiveCfg = Release|Any CPU
	EndGlobalSection
	GlobalSection(SolutionProperties) = preSolution
		HideSolutionNode = FALSE
	EndGlobalSection
	GlobalSection(ExtensibilityGlobals) = postSolution
		SolutionGuid = {23501983-CCBF-488E-88DF-E2C750EA8F3B}
	EndGlobalSection
EndGlobal
